
Microsoft Visual Studio Solution File, Format Version 12.00
# Visual Studio 15
VisualStudioVersion = 15.0.28307.705
MinimumVisualStudioVersion = 10.0.40219.1
Project("{FAE04EC0-301F-11D3-BF4B-00C04F79EFBC}") = "EmployeeViewer", "EmployeeViewer\EmployeeViewer.csproj", "{0115CC03-B4C1-42D9-BA4A-4354A54732F3}"
EndProject
Global
	GlobalSection(SolutionConfigurationPlatforms) = preSolution
		Debug|Any CPU = Debug|Any CPU
		Release|Any CPU = Release|Any CPU
	EndGlobalSection
	GlobalSection(ProjectConfigurationPlatforms) = postSolution
		{0115CC03-B4C1-42D9-BA4A-4354A54732F3}.Debug|Any CPU.ActiveCfg = Debug|Any CPU
		{0115CC03-B4C1-42D9-BA4A-4354A54732F3}.Debug|Any CPU.Build.0 = Debug|Any CPU
		{0115CC03-B4C1-42D9-BA4A-4354A54732F3}.Release|Any CPU.ActiveCfg = Release|Any CPU
		{0115CC03-B4C1-42D9-BA4A-4354A54732F3}.Release|Any CPU.Build.0 = Release|Any CPU
	EndGlobalSection
	GlobalSection(SolutionProperties) = preSolution
		HideSolutionNode = FALSE
	EndGlobalSection
	GlobalSection(ExtensibilityGlobals) = postSolution
		SolutionGuid = {67BE0FB7-E8A2-448A-B3F2-FBC328D0589D}
	EndGlobalSection
EndGlobal
